{
  "version": 4,
  "terraform_version": "1.2.3",
  "serial": 296,
  "lineage": "663e42fe-c334-e26f-9eb1-43830d415666",
  "outputs": {},
  "resources": [
    {
      "mode": "managed",
      "type": "google_compute_global_network_endpoint",
      "name": "proxy",
      "provider": "provider[\"registry.terraform.io/hashicorp/google\"]",
      "instances": [
        {
          "schema_version": 0,
          "attributes": {
            "fqdn": "www.kalibr.in",
            "global_network_endpoint_group": "network-endpoint",
            "id": "aem-migr/network-endpoint//www.kalibr.in/80",
            "ip_address": "",
            "port": 80,
            "project": "aem-migr",
            "timeouts": null
          },
          "sensitive_attributes": [],
          "private": "eyJlMmJmYjczMC1lY2FhLTExZTYtOGY4OC0zNDM2M2JjN2M0YzAiOnsiY3JlYXRlIjoxMjAwMDAwMDAwMDAwLCJkZWxldGUiOjEyMDAwMDAwMDAwMDB9fQ==",
          "dependencies": [
            "google_compute_global_network_endpoint_group.external_proxy"
          ]
        }
      ]
    },
    {
      "mode": "managed",
      "type": "google_compute_global_network_endpoint_group",
      "name": "external_proxy",
      "provider": "provider[\"registry.terraform.io/hashicorp/google\"]",
      "instances": [
        {
          "schema_version": 0,
          "attributes": {
            "default_port": 80,
            "description": "",
            "id": "projects/aem-migr/global/networkEndpointGroups/network-endpoint",
            "name": "network-endpoint",
            "network_endpoint_type": "INTERNET_FQDN_PORT",
            "project": "aem-migr",
            "self_link": "https://www.googleapis.com/compute/v1/projects/aem-migr/global/networkEndpointGroups/network-endpoint",
            "timeouts": null
          },
          "sensitive_attributes": [],
          "private": "eyJlMmJmYjczMC1lY2FhLTExZTYtOGY4OC0zNDM2M2JjN2M0YzAiOnsiY3JlYXRlIjoxMjAwMDAwMDAwMDAwLCJkZWxldGUiOjEyMDAwMDAwMDAwMDB9fQ=="
        }
      ]
    },
    {
      "mode": "managed",
      "type": "google_project_iam_member",
      "name": "project1",
      "provider": "provider[\"registry.terraform.io/hashicorp/google\"]",
      "instances": [
        {
          "schema_version": 0,
          "attributes": {
            "condition": [],
            "etag": "BwXoOlx1Ipw=",
            "id": "lively-guard-355000/roles/compute.loadBalancerAdmin/user:akhil.maddu021@gmail.com",
            "member": "user:akhil.maddu021@gmail.com",
            "project": "lively-guard-355000",
            "role": "roles/compute.loadBalancerAdmin"
          },
          "sensitive_attributes": [],
          "private": "bnVsbA=="
        }
      ]
    }
  ]
}
